{
  "name": "language-server",
  "lockfileVersion": 2,
  "requires": true,
  "packages": {
    "": {
      "dependencies": {
        "basedpyright": "^1.29.1"
      }
    },
    "node_modules/basedpyright": {
      "version": "1.29.1",
      "resolved": "https://registry.npmjs.org/basedpyright/-/basedpyright-1.29.1.tgz",
      "integrity": "sha512-CzbfjoXftkc2pvamxc4ei48oB0Tfc8wYAxXC/S4swG6iMgC8iyL9TPehQRTA8Rpx/Ico6eMykWyw6pk77bp+fQ==",
      "license": "MIT",
      "bin": {
        "basedpyright": "index.js",
        "basedpyright-langserver": "langserver.index.js",
        "pyright": "index.js",
        "pyright-langserver": "langserver.index.js"
      },
      "engines": {
        "node": ">=14.0.0"
      },
      "optionalDependencies": {
        "fsevents": "~2.3.3"
      }
    },
    "node_modules/fsevents": {
      "version": "2.3.3",
      "resolved": "https://registry.npmjs.org/fsevents/-/fsevents-2.3.3.tgz",
      "integrity": "sha512-5xoDfX+fL7faATnagmWPpbFtwh/R77WmMMqqHGS65C3vvB0YHrgF+B1YmZ3441tMj5n63k0212XNoJwzlhffQw==",
      "hasInstallScript": true,
      "optional": true,
      "os": [
        "darwin"
      ],
      "engines": {
        "node": "^8.16.0 || ^10.6.0 || >=11.0.0"
      }
    }
  },
  "dependencies": {
    "basedpyright": {
      "version": "1.29.1",
      "resolved": "https://registry.npmjs.org/basedpyright/-/basedpyright-1.29.1.tgz",
      "integrity": "sha512-CzbfjoXftkc2pvamxc4ei48oB0Tfc8wYAxXC/S4swG6iMgC8iyL9TPehQRTA8Rpx/Ico6eMykWyw6pk77bp+fQ==",
      "requires": {
        "fsevents": "~2.3.3"
      }
    },
    "fsevents": {
      "version": "2.3.3",
      "resolved": "https://registry.npmjs.org/fsevents/-/fsevents-2.3.3.tgz",
      "integrity": "sha512-5xoDfX+fL7faATnagmWPpbFtwh/R77WmMMqqHGS65C3vvB0YHrgF+B1YmZ3441tMj5n63k0212XNoJwzlhffQw==",
      "optional": true
    }
  }
}
